
Microsoft Visual Studio Solution File, Format Version 12.00
# Visual Studio 15
VisualStudioVersion = 15.0.28307.645
MinimumVisualStudioVersion = 10.0.40219.1
Project("{FAE04EC0-301F-11D3-BF4B-00C04F79EFBC}") = "Assembly-CSharp", "Assembly-CSharp.csproj", "{661A9060-99D7-1CC0-A419-88F178C8BBEB}"
EndProject
Global
	GlobalSection(SolutionConfigurationPlatforms) = preSolution
		Debug|Any CPU = Debug|Any CPU
		Release|Any CPU = Release|Any CPU
	EndGlobalSection
	GlobalSection(ProjectConfigurationPlatforms) = postSolution
		{661A9060-99D7-1CC0-A419-88F178C8BBEB}.Debug|Any CPU.ActiveCfg = Debug|Any CPU
		{661A9060-99D7-1CC0-A419-88F178C8BBEB}.Debug|Any CPU.Build.0 = Debug|Any CPU
		{661A9060-99D7-1CC0-A419-88F178C8BBEB}.Release|Any CPU.ActiveCfg = Release|Any CPU
		{661A9060-99D7-1CC0-A419-88F178C8BBEB}.Release|Any CPU.Build.0 = Release|Any CPU
	EndGlobalSection
	GlobalSection(SolutionProperties) = preSolution
		HideSolutionNode = FALSE
	EndGlobalSection
	GlobalSection(ExtensibilityGlobals) = postSolution
		SolutionGuid = {DAECA8DF-9635-4BAB-9B9E-52643FD23FEB}
	EndGlobalSection
EndGlobal
